
Microsoft Visual Studio Solution File, Format Version 12.00
# Visual Studio Version 17
VisualStudioVersion = 17.3.32922.545
MinimumVisualStudioVersion = 10.0.40219.1
Project("{FAE04EC0-301F-11D3-BF4B-00C04F79EFBC}") = "WhatHaveYouPlayed", "WhatHaveYouPlayed\WhatHaveYouPlayed.csproj", "{F5347AA4-3864-4983-800D-10B1F1385D67}"
EndProject
Global
	GlobalSection(SolutionConfigurationPlatforms) = preSolution
		Debug|Any CPU = Debug|Any CPU
		Release|Any CPU = Release|Any CPU
	EndGlobalSection
	GlobalSection(ProjectConfigurationPlatforms) = postSolution
		{F5347AA4-3864-4983-800D-10B1F1385D67}.Debug|Any CPU.ActiveCfg = Debug|Any CPU
		{F5347AA4-3864-4983-800D-10B1F1385D67}.Debug|Any CPU.Build.0 = Debug|Any CPU
		{F5347AA4-3864-4983-800D-10B1F1385D67}.Release|Any CPU.ActiveCfg = Release|Any CPU
		{F5347AA4-3864-4983-800D-10B1F1385D67}.Release|Any CPU.Build.0 = Release|Any CPU
	EndGlobalSection
	GlobalSection(SolutionProperties) = preSolution
		HideSolutionNode = FALSE
	EndGlobalSection
	GlobalSection(ExtensibilityGlobals) = postSolution
		SolutionGuid = {4DBA0183-E89B-4500-9D1D-EDB547160385}
	EndGlobalSection
EndGlobal
